
Microsoft Visual Studio Solution File, Format Version 12.00
# Visual Studio Version 16
VisualStudioVersion = 16.0.28803.452
MinimumVisualStudioVersion = 10.0.40219.1
Project("{FAE04EC0-301F-11D3-BF4B-00C04F79EFBC}") = "AsbDemo.Queue.Sender", "AsbDemo.Queue.Sender\AsbDemo.Queue.Sender.csproj", "{362209B9-148A-4F7F-824B-C5344400191D}"
EndProject
Project("{FAE04EC0-301F-11D3-BF4B-00C04F79EFBC}") = "AsbDemo.Queue.Receiver", "AsbDemo.Queue.Receiver\AsbDemo.Queue.Receiver.csproj", "{F7A0A481-A3DB-4E78-BA48-52974BEEE1AD}"
EndProject
Project("{FAE04EC0-301F-11D3-BF4B-00C04F79EFBC}") = "AsbDemo.Core", "AsbDemo.Core\AsbDemo.Core.csproj", "{A850D81C-3477-497D-A471-1D69F51AD3F6}"
EndProject
Global
	GlobalSection(SolutionConfigurationPlatforms) = preSolution
		Debug|Any CPU = Debug|Any CPU
		Release|Any CPU = Release|Any CPU
	EndGlobalSection
	GlobalSection(ProjectConfigurationPlatforms) = postSolution
		{362209B9-148A-4F7F-824B-C5344400191D}.Debug|Any CPU.ActiveCfg = Debug|Any CPU
		{362209B9-148A-4F7F-824B-C5344400191D}.Debug|Any CPU.Build.0 = Debug|Any CPU
		{362209B9-148A-4F7F-824B-C5344400191D}.Release|Any CPU.ActiveCfg = Release|Any CPU
		{362209B9-148A-4F7F-824B-C5344400191D}.Release|Any CPU.Build.0 = Release|Any CPU
		{F7A0A481-A3DB-4E78-BA48-52974BEEE1AD}.Debug|Any CPU.ActiveCfg = Debug|Any CPU
		{F7A0A481-A3DB-4E78-BA48-52974BEEE1AD}.Debug|Any CPU.Build.0 = Debug|Any CPU
		{F7A0A481-A3DB-4E78-BA48-52974BEEE1AD}.Release|Any CPU.ActiveCfg = Release|Any CPU
		{F7A0A481-A3DB-4E78-BA48-52974BEEE1AD}.Release|Any CPU.Build.0 = Release|Any CPU
		{A850D81C-3477-497D-A471-1D69F51AD3F6}.Debug|Any CPU.ActiveCfg = Debug|Any CPU
		{A850D81C-3477-497D-A471-1D69F51AD3F6}.Debug|Any CPU.Build.0 = Debug|Any CPU
		{A850D81C-3477-497D-A471-1D69F51AD3F6}.Release|Any CPU.ActiveCfg = Release|Any CPU
		{A850D81C-3477-497D-A471-1D69F51AD3F6}.Release|Any CPU.Build.0 = Release|Any CPU
	EndGlobalSection
	GlobalSection(SolutionProperties) = preSolution
		HideSolutionNode = FALSE
	EndGlobalSection
	GlobalSection(ExtensibilityGlobals) = postSolution
		SolutionGuid = {C1C5B364-A144-4169-9D0F-FC75A601FD01}
	EndGlobalSection
EndGlobal
